
Microsoft Visual Studio Solution File, Format Version 12.00
# Visual Studio Version 17
VisualStudioVersion = 17.12.35527.113
MinimumVisualStudioVersion = 10.0.40219.1
Project("{2150E333-8FDC-42A3-9474-1A3956D46DE8}") = "Services", "Services", "{A91AB091-3320-475C-9452-6F53A7B97B40}"
EndProject
Project("{2150E333-8FDC-42A3-9474-1A3956D46DE8}") = "Catalog", "Catalog", "{F94B8445-21A0-4567-82F7-9A8AA83EBF59}"
EndProject
Project("{FAE04EC0-301F-11D3-BF4B-00C04F79EFBC}") = "Catalog.API", "Services\Catalog\Catalog.API\Catalog.API.csproj", "{2D39E563-878D-476A-88BB-6386CF2F8124}"
EndProject
Project("{2150E333-8FDC-42A3-9474-1A3956D46DE8}") = "BuildingBlocks", "BuildingBlocks", "{5C95146B-CEDC-43B9-9916-2B0684143F0C}"
EndProject
Project("{FAE04EC0-301F-11D3-BF4B-00C04F79EFBC}") = "BuildingBlocks", "BuildingBlocks\BuildingBlocks\BuildingBlocks.csproj", "{6040AA64-2B7F-45FC-B3C0-BE3AAB5E919D}"
EndProject
Project("{E53339B2-1760-4266-BCC7-CA923CBCF16C}") = "docker-compose", "docker-compose.dcproj", "{0E9EA67B-544B-4F6E-8077-97050BF0F3A0}"
EndProject
Global
	GlobalSection(SolutionConfigurationPlatforms) = preSolution
		Debug|Any CPU = Debug|Any CPU
		Release|Any CPU = Release|Any CPU
	EndGlobalSection
	GlobalSection(ProjectConfigurationPlatforms) = postSolution
		{2D39E563-878D-476A-88BB-6386CF2F8124}.Debug|Any CPU.ActiveCfg = Debug|Any CPU
		{2D39E563-878D-476A-88BB-6386CF2F8124}.Debug|Any CPU.Build.0 = Debug|Any CPU
		{2D39E563-878D-476A-88BB-6386CF2F8124}.Release|Any CPU.ActiveCfg = Release|Any CPU
		{2D39E563-878D-476A-88BB-6386CF2F8124}.Release|Any CPU.Build.0 = Release|Any CPU
		{6040AA64-2B7F-45FC-B3C0-BE3AAB5E919D}.Debug|Any CPU.ActiveCfg = Debug|Any CPU
		{6040AA64-2B7F-45FC-B3C0-BE3AAB5E919D}.Debug|Any CPU.Build.0 = Debug|Any CPU
		{6040AA64-2B7F-45FC-B3C0-BE3AAB5E919D}.Release|Any CPU.ActiveCfg = Release|Any CPU
		{6040AA64-2B7F-45FC-B3C0-BE3AAB5E919D}.Release|Any CPU.Build.0 = Release|Any CPU
		{0E9EA67B-544B-4F6E-8077-97050BF0F3A0}.Debug|Any CPU.ActiveCfg = Debug|Any CPU
		{0E9EA67B-544B-4F6E-8077-97050BF0F3A0}.Debug|Any CPU.Build.0 = Debug|Any CPU
		{0E9EA67B-544B-4F6E-8077-97050BF0F3A0}.Release|Any CPU.ActiveCfg = Release|Any CPU
		{0E9EA67B-544B-4F6E-8077-97050BF0F3A0}.Release|Any CPU.Build.0 = Release|Any CPU
	EndGlobalSection
	GlobalSection(SolutionProperties) = preSolution
		HideSolutionNode = FALSE
	EndGlobalSection
	GlobalSection(NestedProjects) = preSolution
		{F94B8445-21A0-4567-82F7-9A8AA83EBF59} = {A91AB091-3320-475C-9452-6F53A7B97B40}
		{2D39E563-878D-476A-88BB-6386CF2F8124} = {F94B8445-21A0-4567-82F7-9A8AA83EBF59}
		{6040AA64-2B7F-45FC-B3C0-BE3AAB5E919D} = {5C95146B-CEDC-43B9-9916-2B0684143F0C}
	EndGlobalSection
EndGlobal
